
Microsoft Visual Studio Solution File, Format Version 12.00
# Visual Studio Version 17
VisualStudioVersion = 17.3.32929.385
MinimumVisualStudioVersion = 10.0.40219.1
Project("{FAE04EC0-301F-11D3-BF4B-00C04F79EFBC}") = "ServerFun", "ServerFun\ServerFun.csproj", "{904F8EB6-A26C-4268-8DAB-54BDCCD1E573}"
EndProject
Global
	GlobalSection(SolutionConfigurationPlatforms) = preSolution
		Debug|Any CPU = Debug|Any CPU
		Release|Any CPU = Release|Any CPU
	EndGlobalSection
	GlobalSection(ProjectConfigurationPlatforms) = postSolution
		{904F8EB6-A26C-4268-8DAB-54BDCCD1E573}.Debug|Any CPU.ActiveCfg = Debug|Any CPU
		{904F8EB6-A26C-4268-8DAB-54BDCCD1E573}.Debug|Any CPU.Build.0 = Debug|Any CPU
		{904F8EB6-A26C-4268-8DAB-54BDCCD1E573}.Release|Any CPU.ActiveCfg = Release|Any CPU
		{904F8EB6-A26C-4268-8DAB-54BDCCD1E573}.Release|Any CPU.Build.0 = Release|Any CPU
	EndGlobalSection
	GlobalSection(SolutionProperties) = preSolution
		HideSolutionNode = FALSE
	EndGlobalSection
	GlobalSection(ExtensibilityGlobals) = postSolution
		SolutionGuid = {172415DD-93AC-4F34-86F3-E6D24541AB88}
	EndGlobalSection
EndGlobal
