
Microsoft Visual Studio Solution File, Format Version 12.00
# Visual Studio Version 17
VisualStudioVersion = 17.3.32929.385
MinimumVisualStudioVersion = 10.0.40219.1
Project("{FAE04EC0-301F-11D3-BF4B-00C04F79EFBC}") = "Sorting", "Mergesort\Sorting.csproj", "{5029835F-3A82-46BD-A595-199D234000C6}"
EndProject
Project("{FAE04EC0-301F-11D3-BF4B-00C04F79EFBC}") = "SortingTests", "SortingTests\SortingTests.csproj", "{2DB414F1-2BAA-4DAA-82D5-D5ED2F75F653}"
EndProject
Project("{FAE04EC0-301F-11D3-BF4B-00C04F79EFBC}") = "DivideAndConquer", "DivideAndConquer\DivideAndConquer.csproj", "{D6F40616-105A-473C-B790-1BE4660226A3}"
EndProject
Project("{FAE04EC0-301F-11D3-BF4B-00C04F79EFBC}") = "DivideAndConquerTests", "DivideAndConquerTests\DivideAndConquerTests.csproj", "{C74C0BB0-D55B-4931-A729-87845BC4695C}"
EndProject
Project("{FAE04EC0-301F-11D3-BF4B-00C04F79EFBC}") = "Graphs", "Graphs\Graphs.csproj", "{A1AA5B68-6D60-4145-A968-FAE502B9CC6A}"
EndProject
Global
	GlobalSection(SolutionConfigurationPlatforms) = preSolution
		Debug|Any CPU = Debug|Any CPU
		Release|Any CPU = Release|Any CPU
	EndGlobalSection
	GlobalSection(ProjectConfigurationPlatforms) = postSolution
		{5029835F-3A82-46BD-A595-199D234000C6}.Debug|Any CPU.ActiveCfg = Debug|Any CPU
		{5029835F-3A82-46BD-A595-199D234000C6}.Debug|Any CPU.Build.0 = Debug|Any CPU
		{5029835F-3A82-46BD-A595-199D234000C6}.Release|Any CPU.ActiveCfg = Release|Any CPU
		{5029835F-3A82-46BD-A595-199D234000C6}.Release|Any CPU.Build.0 = Release|Any CPU
		{2DB414F1-2BAA-4DAA-82D5-D5ED2F75F653}.Debug|Any CPU.ActiveCfg = Debug|Any CPU
		{2DB414F1-2BAA-4DAA-82D5-D5ED2F75F653}.Debug|Any CPU.Build.0 = Debug|Any CPU
		{2DB414F1-2BAA-4DAA-82D5-D5ED2F75F653}.Release|Any CPU.ActiveCfg = Release|Any CPU
		{2DB414F1-2BAA-4DAA-82D5-D5ED2F75F653}.Release|Any CPU.Build.0 = Release|Any CPU
		{D6F40616-105A-473C-B790-1BE4660226A3}.Debug|Any CPU.ActiveCfg = Debug|Any CPU
		{D6F40616-105A-473C-B790-1BE4660226A3}.Debug|Any CPU.Build.0 = Debug|Any CPU
		{D6F40616-105A-473C-B790-1BE4660226A3}.Release|Any CPU.ActiveCfg = Release|Any CPU
		{D6F40616-105A-473C-B790-1BE4660226A3}.Release|Any CPU.Build.0 = Release|Any CPU
		{C74C0BB0-D55B-4931-A729-87845BC4695C}.Debug|Any CPU.ActiveCfg = Debug|Any CPU
		{C74C0BB0-D55B-4931-A729-87845BC4695C}.Debug|Any CPU.Build.0 = Debug|Any CPU
		{C74C0BB0-D55B-4931-A729-87845BC4695C}.Release|Any CPU.ActiveCfg = Release|Any CPU
		{C74C0BB0-D55B-4931-A729-87845BC4695C}.Release|Any CPU.Build.0 = Release|Any CPU
		{A1AA5B68-6D60-4145-A968-FAE502B9CC6A}.Debug|Any CPU.ActiveCfg = Debug|Any CPU
		{A1AA5B68-6D60-4145-A968-FAE502B9CC6A}.Debug|Any CPU.Build.0 = Debug|Any CPU
		{A1AA5B68-6D60-4145-A968-FAE502B9CC6A}.Release|Any CPU.ActiveCfg = Release|Any CPU
		{A1AA5B68-6D60-4145-A968-FAE502B9CC6A}.Release|Any CPU.Build.0 = Release|Any CPU
	EndGlobalSection
	GlobalSection(SolutionProperties) = preSolution
		HideSolutionNode = FALSE
	EndGlobalSection
	GlobalSection(ExtensibilityGlobals) = postSolution
		SolutionGuid = {2B16A2B5-30DC-49DF-9FA0-70FBE0FE4D33}
	EndGlobalSection
EndGlobal
